PODS:
  - Alamofire (5.6.4)
  - Anchorage (4.5.0)
  - CouchbaseLite-Swift (3.0.2)
  - Kingfisher (6.3.1)
  - Realm (10.34.1):
    - Realm/Headers (= 10.34.1)
  - Realm/Headers (10.34.1)
  - RealmSwift (10.34.1):
    - Realm (= 10.34.1)
  - RxCocoa (6.5.0):
    - RxRelay (= 6.5.0)
    - RxSwift (= 6.5.0)
  - RxRelay (6.5.0):
    - RxSwift (= 6.5.0)
  - RxSwift (6.5.0)

DEPENDENCIES:
  - Alamofire (~> 5.0)
  - Anchorage (~> 4.0)
  - CouchbaseLite-Swift (~> 3.0)
  - Kingfisher (~> 6.0)
  - RealmSwift (~> 10.0)
  - RxCocoa (~> 6.0)
  - RxSwift (~> 6.0)

SPEC REPOS:
  trunk:
    - Alamofire
    - Anchorage
    - CouchbaseLite-Swift
    - Kingfisher
    - Realm
    - RealmSwift
    - RxCocoa
    - RxRelay
    - RxSwift

SPEC CHECKSUMS:
  Alamofire: 4e95d97098eacb88856099c4fc79b526a299e48c
  Anchorage: 1961bc81c84aeed54ad7ffc697c50cd9de748ba6
  CouchbaseLite-Swift: c95a2e96c3387f6f9a5778bc2418f80de1454ec3
  Kingfisher: 016c8b653a35add51dd34a3aba36b580041acc74
  Realm: fe824cd5b183cd55a50a6bcb4bce3ac1650e60b6
  RealmSwift: c7f668f82982fc8b62366b78b8dc761f15141df6
  RxCocoa: 94f817b71c07517321eb4f9ad299112ca8af743b
  RxRelay: 1de1523e604c72b6c68feadedd1af3b1b4d0ecbd
  RxSwift: 5710a9e6b17f3c3d6e40d6e559b9fa1e813b2ef8

PODFILE CHECKSUM: f9071d9fd9b109b82c18323155a97d3b21c4a4e7

COCOAPODS: 1.11.3
