// !$*UTF8*$!
{
	archiveVersion = 1;
	classes = {
	};
	objectVersion = 70;
	objects = {

/* Begin PBXBuildFile section */
		4034CCD62B2404CF009EABA8 /* Kingfisher in Frameworks */ = {isa = PBXBuildFile; productRef = 4034CCD52B2404CF009EABA8 /* Kingfisher */; };
		AA0000000000000000000019 /* GRDB in Frameworks */ = {isa = PBXBuildFile; productRef = AA0000000000000000000018 /* GRDB */; };
		AA000000000000000000001A /* GRDB in Frameworks */ = {isa = PBXBuildFile; productRef = AA000000000000000000001B /* GRDB */; };
/* End PBXBuildFile section */

/* Begin PBXContainerItemProxy section */
		40E7AF631F71DFAC0032D4F2 /* PBXContainerItemProxy */ = {
			isa = PBXContainerItemProxy;
			containerPortal = 40E7AF441F71DFAB0032D4F2 /* Project object */;
			proxyType = 1;
			remoteGlobalIDString = 40E7AF4B1F71DFAB0032D4F2;
			remoteInfo = Castle;
		};
		40E7AF6E1F71DFAC0032D4F2 /* PBXContainerItemProxy */ = {
			isa = PBXContainerItemProxy;
			containerPortal = 40E7AF441F71DFAB0032D4F2 /* Project object */;
			proxyType = 1;
			remoteGlobalIDString = 40E7AF4B1F71DFAB0032D4F2;
			remoteInfo = Castle;
		};
/* End PBXContainerItemProxy section */

/* Begin PBXFileReference section */
		40E7AF4C1F71DFAB0032D4F2 /* Castle.app */ = {isa = PBXFileReference; explicitFileType = wrapper.application; includeInIndex = 0; path = Castle.app; sourceTree = BUILT_PRODUCTS_DIR; };
		40E7AF621F71DFAC0032D4F2 /* CastleTests.xctest */ = {isa = PBXFileReference; explicitFileType = wrapper.cfbundle; includeInIndex = 0; path = CastleTests.xctest; sourceTree = BUILT_PRODUCTS_DIR; };
		40E7AF6D1F71DFAC0032D4F2 /* CastleUITests.xctest */ = {isa = PBXFileReference; explicitFileType = wrapper.cfbundle; includeInIndex = 0; path = CastleUITests.xctest; sourceTree = BUILT_PRODUCTS_DIR; };
/* End PBXFileReference section */

/* Begin PBXFileSystemSynchronizedBuildFileExceptionSet section */
		400535DD2FA588A200593431 /* PBXFileSystemSynchronizedBuildFileExceptionSet */ = {
			isa = PBXFileSystemSynchronizedBuildFileExceptionSet;
			membershipExceptions = (
				Info.plist,
			);
			target = 40E7AF4B1F71DFAB0032D4F2 /* Castle */;
		};
		400535F22FA588B800593431 /* PBXFileSystemSynchronizedBuildFileExceptionSet */ = {
			isa = PBXFileSystemSynchronizedBuildFileExceptionSet;
			membershipExceptions = (
				CastleTests.swift,
			);
			target = 40E7AF611F71DFAC0032D4F2 /* CastleTests */;
		};
		400535F32FA588B800593431 /* PBXFileSystemSynchronizedBuildFileExceptionSet */ = {
			isa = PBXFileSystemSynchronizedBuildFileExceptionSet;
			membershipExceptions = (
				CastleUITests.swift,
			);
			target = 40E7AF6C1F71DFAC0032D4F2 /* CastleUITests */;
		};
/* End PBXFileSystemSynchronizedBuildFileExceptionSet section */

/* Begin PBXFileSystemSynchronizedRootGroup section */
		400535CA2FA588A100593431 /* Castle */ = {isa = PBXFileSystemSynchronizedRootGroup; exceptions = (400535DD2FA588A200593431 /* PBXFileSystemSynchronizedBuildFileExceptionSet */, ); explicitFileTypes = {}; explicitFolders = (); path = Castle; sourceTree = "<group>"; };
		400535EC2FA588B600593431 /* CastleTests */ = {isa = PBXFileSystemSynchronizedRootGroup; exceptions = (400535F22FA588B800593431 /* PBXFileSystemSynchronizedBuildFileExceptionSet */, ); explicitFileTypes = {}; explicitFolders = (); path = CastleTests; sourceTree = "<group>"; };
		400535F02FA588B800593431 /* CastleUITests */ = {isa = PBXFileSystemSynchronizedRootGroup; exceptions = (400535F32FA588B800593431 /* PBXFileSystemSynchronizedBuildFileExceptionSet */, ); explicitFileTypes = {}; explicitFolders = (); path = CastleUITests; sourceTree = "<group>"; };
/* End PBXFileSystemSynchronizedRootGroup section */

/* Begin PBXFrameworksBuildPhase section */
		40E7AF491F71DFAB0032D4F2 /* Frameworks */ = {
			isa = PBXFrameworksBuildPhase;
			buildActionMask = 2147483647;
			files = (
				4034CCD62B2404CF009EABA8 /* Kingfisher in Frameworks */,
				AA0000000000000000000019 /* GRDB in Frameworks */,
			);
			runOnlyForDeploymentPostprocessing = 0;
		};
		40E7AF5F1F71DFAC0032D4F2 /* Frameworks */ = {
			isa = PBXFrameworksBuildPhase;
			buildActionMask = 2147483647;
			files = (
				AA000000000000000000001A /* GRDB in Frameworks */,
			);
			runOnlyForDeploymentPostprocessing = 0;
		};
		40E7AF6A1F71DFAC0032D4F2 /* Frameworks */ = {
			isa = PBXFrameworksBuildPhase;
			buildActionMask = 2147483647;
			files = (
			);
			runOnlyForDeploymentPostprocessing = 0;
		};
/* End PBXFrameworksBuildPhase section */

/* Begin PBXGroup section */
		40E7AF431F71DFAB0032D4F2 = {
			isa = PBXGroup;
			children = (
				400535CA2FA588A100593431 /* Castle */,
				400535EC2FA588B600593431 /* CastleTests */,
				400535F02FA588B800593431 /* CastleUITests */,
				40E7AF4D1F71DFAB0032D4F2 /* Products */,
			);
			sourceTree = "<group>";
		};
		40E7AF4D1F71DFAB0032D4F2 /* Products */ = {
			isa = PBXGroup;
			children = (
				40E7AF4C1F71DFAB0032D4F2 /* Castle.app */,
				40E7AF621F71DFAC0032D4F2 /* CastleTests.xctest */,
				40E7AF6D1F71DFAC0032D4F2 /* CastleUITests.xctest */,
			);
			name = Products;
			sourceTree = "<group>";
		};
/* End PBXGroup section */

/* Begin PBXNativeTarget section */
		40E7AF4B1F71DFAB0032D4F2 /* Castle */ = {
			isa = PBXNativeTarget;
			buildConfigurationList = 40E7AF761F71DFAC0032D4F2 /* Build configuration list for PBXNativeTarget "Castle" */;
			buildPhases = (
				40E7AF481F71DFAB0032D4F2 /* Sources */,
				40E7AF491F71DFAB0032D4F2 /* Frameworks */,
				40E7AF4A1F71DFAB0032D4F2 /* Resources */,
			);
			buildRules = (
			);
			dependencies = (
			);
			fileSystemSynchronizedGroups = (
				400535CA2FA588A100593431 /* Castle */,
			);
			name = Castle;
			packageProductDependencies = (
				4034CCD52B2404CF009EABA8 /* Kingfisher */,
				AA0000000000000000000018 /* GRDB */,
			);
			productName = Castle;
			productReference = 40E7AF4C1F71DFAB0032D4F2 /* Castle.app */;
			productType = "com.apple.product-type.application";
		};
		40E7AF611F71DFAC0032D4F2 /* CastleTests */ = {
			isa = PBXNativeTarget;
			buildConfigurationList = 40E7AF791F71DFAC0032D4F2 /* Build configuration list for PBXNativeTarget "CastleTests" */;
			buildPhases = (
				40E7AF5E1F71DFAC0032D4F2 /* Sources */,
				40E7AF5F1F71DFAC0032D4F2 /* Frameworks */,
				40E7AF601F71DFAC0032D4F2 /* Resources */,
			);
			buildRules = (
			);
			dependencies = (
				40E7AF641F71DFAC0032D4F2 /* PBXTargetDependency */,
			);
			name = CastleTests;
			packageProductDependencies = (
				AA000000000000000000001B /* GRDB */,
			);
			productName = CastleTests;
			productReference = 40E7AF621F71DFAC0032D4F2 /* CastleTests.xctest */;
			productType = "com.apple.product-type.bundle.unit-test";
		};
		40E7AF6C1F71DFAC0032D4F2 /* CastleUITests */ = {
			isa = PBXNativeTarget;
			buildConfigurationList = 40E7AF7C1F71DFAC0032D4F2 /* Build configuration list for PBXNativeTarget "CastleUITests" */;
			buildPhases = (
				40E7AF691F71DFAC0032D4F2 /* Sources */,
				40E7AF6A1F71DFAC0032D4F2 /* Frameworks */,
				40E7AF6B1F71DFAC0032D4F2 /* Resources */,
			);
			buildRules = (
			);
			dependencies = (
				40E7AF6F1F71DFAC0032D4F2 /* PBXTargetDependency */,
			);
			name = CastleUITests;
			productName = CastleUITests;
			productReference = 40E7AF6D1F71DFAC0032D4F2 /* CastleUITests.xctest */;
			productType = "com.apple.product-type.bundle.ui-testing";
		};
/* End PBXNativeTarget section */

/* Begin PBXProject section */
		40E7AF441F71DFAB0032D4F2 /* Project object */ = {
			isa = PBXProject;
			attributes = {
				BuildIndependentTargetsInParallel = YES;
				LastSwiftUpdateCheck = 0900;
				LastUpgradeCheck = 1620;
				ORGANIZATIONNAME = "Ian Ynda-Hummel";
				TargetAttributes = {
					40E7AF4B1F71DFAB0032D4F2 = {
						CreatedOnToolsVersion = 9.0;
						LastSwiftMigration = 1010;
						SystemCapabilities = {
							com.apple.Push = {
								enabled = 1;
							};
						};
					};
					40E7AF611F71DFAC0032D4F2 = {
						CreatedOnToolsVersion = 9.0;
						LastSwiftMigration = 1010;
						ProvisioningStyle = Automatic;
						TestTargetID = 40E7AF4B1F71DFAB0032D4F2;
					};
					40E7AF6C1F71DFAC0032D4F2 = {
						CreatedOnToolsVersion = 9.0;
						LastSwiftMigration = 1010;
						ProvisioningStyle = Automatic;
						TestTargetID = 40E7AF4B1F71DFAB0032D4F2;
					};
				};
			};
			buildConfigurationList = 40E7AF471F71DFAB0032D4F2 /* Build configuration list for PBXProject "Castle" */;
			compatibilityVersion = "Xcode 8.0";
			developmentRegion = en;
			hasScannedForEncodings = 0;
			knownRegions = (
				en,
				Base,
			);
			mainGroup = 40E7AF431F71DFAB0032D4F2;
			packageReferences = (
				4034CCD42B2404CF009EABA8 /* XCRemoteSwiftPackageReference "Kingfisher" */,
				AA0000000000000000000017 /* XCRemoteSwiftPackageReference "GRDB" */,
			);
			productRefGroup = 40E7AF4D1F71DFAB0032D4F2 /* Products */;
			projectDirPath = "";
			projectRoot = "";
			targets = (
				40E7AF4B1F71DFAB0032D4F2 /* Castle */,
				40E7AF611F71DFAC0032D4F2 /* CastleTests */,
				40E7AF6C1F71DFAC0032D4F2 /* CastleUITests */,
			);
		};
/* End PBXProject section */

/* Begin PBXResourcesBuildPhase section */
		40E7AF4A1F71DFAB0032D4F2 /* Resources */ = {
			isa = PBXResourcesBuildPhase;
			buildActionMask = 2147483647;
			files = (
			);
			runOnlyForDeploymentPostprocessing = 0;
		};
		40E7AF601F71DFAC0032D4F2 /* Resources */ = {
			isa = PBXResourcesBuildPhase;
			buildActionMask = 2147483647;
			files = (
			);
			runOnlyForDeploymentPostprocessing = 0;
		};
		40E7AF6B1F71DFAC0032D4F2 /* Resources */ = {
			isa = PBXResourcesBuildPhase;
			buildActionMask = 2147483647;
			files = (
			);
			runOnlyForDeploymentPostprocessing = 0;
		};
/* End PBXResourcesBuildPhase section */

/* Begin PBXSourcesBuildPhase section */
		40E7AF481F71DFAB0032D4F2 /* Sources */ = {
			isa = PBXSourcesBuildPhase;
			buildActionMask = 2147483647;
			files = (
			);
			runOnlyForDeploymentPostprocessing = 0;
		};
		40E7AF5E1F71DFAC0032D4F2 /* Sources */ = {
			isa = PBXSourcesBuildPhase;
			buildActionMask = 2147483647;
			files = (
			);
			runOnlyForDeploymentPostprocessing = 0;
		};
		40E7AF691F71DFAC0032D4F2 /* Sources */ = {
			isa = PBXSourcesBuildPhase;
			buildActionMask = 2147483647;
			files = (
			);
			runOnlyForDeploymentPostprocessing = 0;
		};
/* End PBXSourcesBuildPhase section */

/* Begin PBXTargetDependency section */
		40E7AF641F71DFAC0032D4F2 /* PBXTargetDependency */ = {
			isa = PBXTargetDependency;
			target = 40E7AF4B1F71DFAB0032D4F2 /* Castle */;
			targetProxy = 40E7AF631F71DFAC0032D4F2 /* PBXContainerItemProxy */;
		};
		40E7AF6F1F71DFAC0032D4F2 /* PBXTargetDependency */ = {
			isa = PBXTargetDependency;
			target = 40E7AF4B1F71DFAB0032D4F2 /* Castle */;
			targetProxy = 40E7AF6E1F71DFAC0032D4F2 /* PBXContainerItemProxy */;
		};
/* End PBXTargetDependency section */

/* Begin XCBuildConfiguration section */
		40E7AF741F71DFAC0032D4F2 /* Debug */ = {
			isa = XCBuildConfiguration;
			buildSettings = {
				ALWAYS_SEARCH_USER_PATHS = NO;
				CLANG_ANALYZER_NONNULL = YES;
				CLANG_ANALYZER_NUMBER_OBJECT_CONVERSION = YES_AGGRESSIVE;
				CLANG_ENABLE_MODULES = YES;
				CLANG_ENABLE_OBJC_ARC = YES;
				CLANG_WARN_BLOCK_CAPTURE_AUTORELEASING = YES;
				CLANG_WARN_BOOL_CONVERSION = YES;
				CLANG_WARN_COMMA = YES;
				CLANG_WARN_CONSTANT_CONVERSION = YES;
				CLANG_WARN_DEPRECATED_OBJC_IMPLEMENTATIONS = YES;
				CLANG_WARN_DIRECT_OBJC_ISA_USAGE = YES_ERROR;
				CLANG_WARN_DOCUMENTATION_COMMENTS = YES;
				CLANG_WARN_EMPTY_BODY = YES;
				CLANG_WARN_ENUM_CONVERSION = YES;
				CLANG_WARN_INFINITE_RECURSION = YES;
				CLANG_WARN_INT_CONVERSION = YES;
				CLANG_WARN_NON_LITERAL_NULL_CONVERSION = YES;
				CLANG_WARN_OBJC_IMPLICIT_RETAIN_SELF = YES;
				CLANG_WARN_OBJC_LITERAL_CONVERSION = YES;
				CLANG_WARN_OBJC_ROOT_CLASS = YES_ERROR;
				CLANG_WARN_QUOTED_INCLUDE_IN_FRAMEWORK_HEADER = YES;
				CLANG_WARN_RANGE_LOOP_ANALYSIS = YES;
				CLANG_WARN_STRICT_PROTOTYPES = YES;
				CLANG_WARN_SUSPICIOUS_MOVE = YES;
				CLANG_WARN_UNGUARDED_AVAILABILITY = YES_AGGRESSIVE;
				CLANG_WARN_UNREACHABLE_CODE = YES;
				CLANG_WARN__DUPLICATE_METHOD_MATCH = YES;
				CODE_SIGN_IDENTITY = "iPhone Developer";
				COPY_PHASE_STRIP = NO;
				DEBUG_INFORMATION_FORMAT = dwarf;
				ENABLE_STRICT_OBJC_MSGSEND = YES;
				ENABLE_TESTABILITY = YES;
				ENABLE_USER_SCRIPT_SANDBOXING = YES;
				GCC_DYNAMIC_NO_PIC = NO;
				GCC_NO_COMMON_BLOCKS = YES;
				GCC_OPTIMIZATION_LEVEL = 0;
				GCC_PREPROCESSOR_DEFINITIONS = (
					"DEBUG=1",
					"$(inherited)",
				);
				GCC_WARN_64_TO_32_BIT_CONVERSION = YES;
				GCC_WARN_ABOUT_RETURN_TYPE = YES_ERROR;
				GCC_WARN_UNDECLARED_SELECTOR = YES;
				GCC_WARN_UNINITIALIZED_AUTOS = YES_AGGRESSIVE;
				GCC_WARN_UNUSED_FUNCTION = YES;
				GCC_WARN_UNUSED_VARIABLE = YES;
				IPHONEOS_DEPLOYMENT_TARGET = 17.0;
				MTL_ENABLE_DEBUG_INFO = YES;
				ONLY_ACTIVE_ARCH = YES;
				SDKROOT = iphoneos;
				SWIFT_ACTIVE_COMPILATION_CONDITIONS = DEBUG;
				SWIFT_OPTIMIZATION_LEVEL = "-Onone";
				SWIFT_VERSION = 5.0;
			};
			name = Debug;
		};
		40E7AF751F71DFAC0032D4F2 /* Release */ = {
			isa = XCBuildConfiguration;
			buildSettings = {
				ALWAYS_SEARCH_USER_PATHS = NO;
				CLANG_ANALYZER_NONNULL = YES;
				CLANG_ANALYZER_NUMBER_OBJECT_CONVERSION = YES_AGGRESSIVE;
				CLANG_ENABLE_MODULES = YES;
				CLANG_ENABLE_OBJC_ARC = YES;
				CLANG_WARN_BLOCK_CAPTURE_AUTORELEASING = YES;
				CLANG_WARN_BOOL_CONVERSION = YES;
				CLANG_WARN_COMMA = YES;
				CLANG_WARN_CONSTANT_CONVERSION = YES;
				CLANG_WARN_DEPRECATED_OBJC_IMPLEMENTATIONS = YES;
				CLANG_WARN_DIRECT_OBJC_ISA_USAGE = YES_ERROR;
				CLANG_WARN_DOCUMENTATION_COMMENTS = YES;
				CLANG_WARN_EMPTY_BODY = YES;
				CLANG_WARN_ENUM_CONVERSION = YES;
				CLANG_WARN_INFINITE_RECURSION = YES;
				CLANG_WARN_INT_CONVERSION = YES;
				CLANG_WARN_NON_LITERAL_NULL_CONVERSION = YES;
				CLANG_WARN_OBJC_IMPLICIT_RETAIN_SELF = YES;
				CLANG_WARN_OBJC_LITERAL_CONVERSION = YES;
				CLANG_WARN_OBJC_ROOT_CLASS = YES_ERROR;
				CLANG_WARN_QUOTED_INCLUDE_IN_FRAMEWORK_HEADER = YES;
				CLANG_WARN_RANGE_LOOP_ANALYSIS = YES;
				CLANG_WARN_STRICT_PROTOTYPES = YES;
				CLANG_WARN_SUSPICIOUS_MOVE = YES;
				CLANG_WARN_UNGUARDED_AVAILABILITY = YES_AGGRESSIVE;
				CLANG_WARN_UNREACHABLE_CODE = YES;
				CLANG_WARN__DUPLICATE_METHOD_MATCH = YES;
				CODE_SIGN_IDENTITY = "iPhone Developer";
				COPY_PHASE_STRIP = NO;
				DEBUG_INFORMATION_FORMAT = "dwarf-with-dsym";
				ENABLE_NS_ASSERTIONS = NO;
				ENABLE_STRICT_OBJC_MSGSEND = YES;
				ENABLE_USER_SCRIPT_SANDBOXING = YES;
				GCC_NO_COMMON_BLOCKS = YES;
				GCC_WARN_64_TO_32_BIT_CONVERSION = YES;
				GCC_WARN_ABOUT_RETURN_TYPE = YES_ERROR;
				GCC_WARN_UNDECLARED_SELECTOR = YES;
				GCC_WARN_UNINITIALIZED_AUTOS = YES_AGGRESSIVE;
				GCC_WARN_UNUSED_FUNCTION = YES;
				GCC_WARN_UNUSED_VARIABLE = YES;
				IPHONEOS_DEPLOYMENT_TARGET = 17.0;
				MTL_ENABLE_DEBUG_INFO = NO;
				SDKROOT = iphoneos;
				SWIFT_COMPILATION_MODE = wholemodule;
				SWIFT_OPTIMIZATION_LEVEL = "-O";
				SWIFT_VERSION = 5.0;
				VALIDATE_PRODUCT = YES;
			};
			name = Release;
		};
		40E7AF771F71DFAC0032D4F2 /* Debug */ = {
			isa = XCBuildConfiguration;
			buildSettings = {
				ASSETCATALOG_COMPILER_APPICON_NAME = AppIcon;
				CLANG_ENABLE_MODULES = YES;
				CODE_SIGN_ENTITLEMENTS = Castle/Castle.entitlements;
				CURRENT_PROJECT_VERSION = 55;
				DEVELOPMENT_TEAM = 82P2XLB4UH;
				FRAMEWORK_SEARCH_PATHS = "$(inherited)";
				INFOPLIST_FILE = Castle/Info.plist;
				INFOPLIST_KEY_CFBundleDisplayName = Castle;
				INFOPLIST_KEY_LSApplicationCategoryType = "public.app-category.reference";
				LD_RUNPATH_SEARCH_PATHS = (
					"$(inherited)",
					"@executable_path/Frameworks",
				);
				MARKETING_VERSION = 2.0.0;
				PRODUCT_BUNDLE_IDENTIFIER = com.ianyh.Castle;
				PRODUCT_NAME = "$(TARGET_NAME)";
				SWIFT_OBJC_BRIDGING_HEADER = "Castle/Castle-Bridging-Header.h";
				SWIFT_OPTIMIZATION_LEVEL = "-Onone";
				TARGETED_DEVICE_FAMILY = "1,2";
			};
			name = Debug;
		};
		40E7AF781F71DFAC0032D4F2 /* Release */ = {
			isa = XCBuildConfiguration;
			buildSettings = {
				ASSETCATALOG_COMPILER_APPICON_NAME = AppIcon;
				CLANG_ENABLE_MODULES = YES;
				CODE_SIGN_ENTITLEMENTS = Castle/Castle.entitlements;
				CURRENT_PROJECT_VERSION = 55;
				DEVELOPMENT_TEAM = 82P2XLB4UH;
				FRAMEWORK_SEARCH_PATHS = "$(inherited)";
				INFOPLIST_FILE = Castle/Info.plist;
				INFOPLIST_KEY_CFBundleDisplayName = Castle;
				INFOPLIST_KEY_LSApplicationCategoryType = "public.app-category.reference";
				LD_RUNPATH_SEARCH_PATHS = (
					"$(inherited)",
					"@executable_path/Frameworks",
				);
				MARKETING_VERSION = 2.0.0;
				PRODUCT_BUNDLE_IDENTIFIER = com.ianyh.Castle;
				PRODUCT_NAME = "$(TARGET_NAME)";
				SWIFT_OBJC_BRIDGING_HEADER = "Castle/Castle-Bridging-Header.h";
				TARGETED_DEVICE_FAMILY = "1,2";
			};
			name = Release;
		};
		40E7AF7A1F71DFAC0032D4F2 /* Debug */ = {
			isa = XCBuildConfiguration;
			buildSettings = {
				BUNDLE_LOADER = "$(TEST_HOST)";
				CODE_SIGN_STYLE = Automatic;
				DEVELOPMENT_TEAM = 82P2XLB4UH;
				INFOPLIST_FILE = CastleTests/Info.plist;
				LD_RUNPATH_SEARCH_PATHS = (
					"$(inherited)",
					"@executable_path/Frameworks",
					"@loader_path/Frameworks",
				);
				PRODUCT_BUNDLE_IDENTIFIER = com.ianyh.CastleTests;
				PRODUCT_NAME = "$(TARGET_NAME)";
				TARGETED_DEVICE_FAMILY = "1,2";
				TEST_HOST = "$(BUILT_PRODUCTS_DIR)/Castle.app/Castle";
			};
			name = Debug;
		};
		40E7AF7B1F71DFAC0032D4F2 /* Release */ = {
			isa = XCBuildConfiguration;
			buildSettings = {
				BUNDLE_LOADER = "$(TEST_HOST)";
				CODE_SIGN_STYLE = Automatic;
				DEVELOPMENT_TEAM = 82P2XLB4UH;
				INFOPLIST_FILE = CastleTests/Info.plist;
				LD_RUNPATH_SEARCH_PATHS = (
					"$(inherited)",
					"@executable_path/Frameworks",
					"@loader_path/Frameworks",
				);
				PRODUCT_BUNDLE_IDENTIFIER = com.ianyh.CastleTests;
				PRODUCT_NAME = "$(TARGET_NAME)";
				TARGETED_DEVICE_FAMILY = "1,2";
				TEST_HOST = "$(BUILT_PRODUCTS_DIR)/Castle.app/Castle";
			};
			name = Release;
		};
		40E7AF7D1F71DFAC0032D4F2 /* Debug */ = {
			isa = XCBuildConfiguration;
			buildSettings = {
				CODE_SIGN_STYLE = Automatic;
				DEVELOPMENT_TEAM = 82P2XLB4UH;
				INFOPLIST_FILE = CastleUITests/Info.plist;
				LD_RUNPATH_SEARCH_PATHS = (
					"$(inherited)",
					"@executable_path/Frameworks",
					"@loader_path/Frameworks",
				);
				PRODUCT_BUNDLE_IDENTIFIER = com.ianyh.CastleUITests;
				PRODUCT_NAME = "$(TARGET_NAME)";
				TARGETED_DEVICE_FAMILY = "1,2";
				TEST_TARGET_NAME = Castle;
			};
			name = Debug;
		};
		40E7AF7E1F71DFAC0032D4F2 /* Release */ = {
			isa = XCBuildConfiguration;
			buildSettings = {
				CODE_SIGN_STYLE = Automatic;
				DEVELOPMENT_TEAM = 82P2XLB4UH;
				INFOPLIST_FILE = CastleUITests/Info.plist;
				LD_RUNPATH_SEARCH_PATHS = (
					"$(inherited)",
					"@executable_path/Frameworks",
					"@loader_path/Frameworks",
				);
				PRODUCT_BUNDLE_IDENTIFIER = com.ianyh.CastleUITests;
				PRODUCT_NAME = "$(TARGET_NAME)";
				TARGETED_DEVICE_FAMILY = "1,2";
				TEST_TARGET_NAME = Castle;
			};
			name = Release;
		};
/* End XCBuildConfiguration section */

/* Begin XCConfigurationList section */
		40E7AF471F71DFAB0032D4F2 /* Build configuration list for PBXProject "Castle" */ = {
			isa = XCConfigurationList;
			buildConfigurations = (
				40E7AF741F71DFAC0032D4F2 /* Debug */,
				40E7AF751F71DFAC0032D4F2 /* Release */,
			);
			defaultConfigurationIsVisible = 0;
			defaultConfigurationName = Release;
		};
		40E7AF761F71DFAC0032D4F2 /* Build configuration list for PBXNativeTarget "Castle" */ = {
			isa = XCConfigurationList;
			buildConfigurations = (
				40E7AF771F71DFAC0032D4F2 /* Debug */,
				40E7AF781F71DFAC0032D4F2 /* Release */,
			);
			defaultConfigurationIsVisible = 0;
			defaultConfigurationName = Release;
		};
		40E7AF791F71DFAC0032D4F2 /* Build configuration list for PBXNativeTarget "CastleTests" */ = {
			isa = XCConfigurationList;
			buildConfigurations = (
				40E7AF7A1F71DFAC0032D4F2 /* Debug */,
				40E7AF7B1F71DFAC0032D4F2 /* Release */,
			);
			defaultConfigurationIsVisible = 0;
			defaultConfigurationName = Release;
		};
		40E7AF7C1F71DFAC0032D4F2 /* Build configuration list for PBXNativeTarget "CastleUITests" */ = {
			isa = XCConfigurationList;
			buildConfigurations = (
				40E7AF7D1F71DFAC0032D4F2 /* Debug */,
				40E7AF7E1F71DFAC0032D4F2 /* Release */,
			);
			defaultConfigurationIsVisible = 0;
			defaultConfigurationName = Release;
		};
/* End XCConfigurationList section */

/* Begin XCRemoteSwiftPackageReference section */
		4034CCD42B2404CF009EABA8 /* XCRemoteSwiftPackageReference "Kingfisher" */ = {
			isa = XCRemoteSwiftPackageReference;
			repositoryURL = "https://github.com/onevcat/Kingfisher";
			requirement = {
				kind = upToNextMajorVersion;
				minimumVersion = 8.0.0;
			};
		};
		AA0000000000000000000017 /* XCRemoteSwiftPackageReference "GRDB" */ = {
			isa = XCRemoteSwiftPackageReference;
			repositoryURL = "https://github.com/groue/GRDB.swift";
			requirement = {
				kind = upToNextMajorVersion;
				minimumVersion = 6.0.0;
			};
		};
/* End XCRemoteSwiftPackageReference section */

/* Begin XCSwiftPackageProductDependency section */
		4034CCD52B2404CF009EABA8 /* Kingfisher */ = {
			isa = XCSwiftPackageProductDependency;
			package = 4034CCD42B2404CF009EABA8 /* XCRemoteSwiftPackageReference "Kingfisher" */;
			productName = Kingfisher;
		};
		AA0000000000000000000018 /* GRDB */ = {
			isa = XCSwiftPackageProductDependency;
			package = AA0000000000000000000017 /* XCRemoteSwiftPackageReference "GRDB" */;
			productName = GRDB;
		};
		AA000000000000000000001B /* GRDB */ = {
			isa = XCSwiftPackageProductDependency;
			package = AA0000000000000000000017 /* XCRemoteSwiftPackageReference "GRDB" */;
			productName = GRDB;
		};
/* End XCSwiftPackageProductDependency section */
	};
	rootObject = 40E7AF441F71DFAB0032D4F2 /* Project object */;
}
